
Microsoft Visual Studio Solution File, Format Version 12.00
# Visual Studio 2012
Project("{FAE04EC0-301F-11D3-BF4B-00C04F79EFBC}") = "MehrfachZufallsgenerator", "MehrfachZufallsgenerator\MehrfachZufallsgenerator.csproj", "{3F629A77-FE89-4D61-B33F-9528585032DC}"
EndProject
Project("{FAE04EC0-301F-11D3-BF4B-00C04F79EFBC}") = "MehrfachZufallsgenerator.iOS", "iOS\MehrfachZufallsgenerator.iOS.csproj", "{CDDAB32E-D75E-4EA8-B65D-9F5E22F7441A}"
EndProject
Project("{FAE04EC0-301F-11D3-BF4B-00C04F79EFBC}") = "MehrfachZufallsgenerator.Droid", "Droid\MehrfachZufallsgenerator.Droid.csproj", "{006E477E-7B02-4034-9A9A-A20DD72ED618}"
EndProject
Global
	GlobalSection(SolutionConfigurationPlatforms) = preSolution
		Debug|Any CPU = Debug|Any CPU
		Release|Any CPU = Release|Any CPU
		Debug|iPhoneSimulator = Debug|iPhoneSimulator
		Release|iPhone = Release|iPhone
		Release|iPhoneSimulator = Release|iPhoneSimulator
		Debug|iPhone = Debug|iPhone
	EndGlobalSection
	GlobalSection(ProjectConfigurationPlatforms) = postSolution
		{006E477E-7B02-4034-9A9A-A20DD72ED618}.Debug|Any CPU.ActiveCfg = Debug|Any CPU
		{006E477E-7B02-4034-9A9A-A20DD72ED618}.Debug|Any CPU.Build.0 = Debug|Any CPU
		{006E477E-7B02-4034-9A9A-A20DD72ED618}.Debug|iPhone.ActiveCfg = Debug|Any CPU
		{006E477E-7B02-4034-9A9A-A20DD72ED618}.Debug|iPhone.Build.0 = Debug|Any CPU
		{006E477E-7B02-4034-9A9A-A20DD72ED618}.Debug|iPhoneSimulator.ActiveCfg = Debug|Any CPU
		{006E477E-7B02-4034-9A9A-A20DD72ED618}.Debug|iPhoneSimulator.Build.0 = Debug|Any CPU
		{006E477E-7B02-4034-9A9A-A20DD72ED618}.Release|Any CPU.ActiveCfg = Release|Any CPU
		{006E477E-7B02-4034-9A9A-A20DD72ED618}.Release|Any CPU.Build.0 = Release|Any CPU
		{006E477E-7B02-4034-9A9A-A20DD72ED618}.Release|iPhone.ActiveCfg = Release|Any CPU
		{006E477E-7B02-4034-9A9A-A20DD72ED618}.Release|iPhone.Build.0 = Release|Any CPU
		{006E477E-7B02-4034-9A9A-A20DD72ED618}.Release|iPhoneSimulator.ActiveCfg = Release|Any CPU
		{006E477E-7B02-4034-9A9A-A20DD72ED618}.Release|iPhoneSimulator.Build.0 = Release|Any CPU
		{3F629A77-FE89-4D61-B33F-9528585032DC}.Debug|Any CPU.ActiveCfg = Debug|Any CPU
		{3F629A77-FE89-4D61-B33F-9528585032DC}.Debug|Any CPU.Build.0 = Debug|Any CPU
		{3F629A77-FE89-4D61-B33F-9528585032DC}.Debug|iPhone.ActiveCfg = Debug|Any CPU
		{3F629A77-FE89-4D61-B33F-9528585032DC}.Debug|iPhone.Build.0 = Debug|Any CPU
		{3F629A77-FE89-4D61-B33F-9528585032DC}.Debug|iPhoneSimulator.ActiveCfg = Debug|Any CPU
		{3F629A77-FE89-4D61-B33F-9528585032DC}.Debug|iPhoneSimulator.Build.0 = Debug|Any CPU
		{3F629A77-FE89-4D61-B33F-9528585032DC}.Release|Any CPU.ActiveCfg = Release|Any CPU
		{3F629A77-FE89-4D61-B33F-9528585032DC}.Release|Any CPU.Build.0 = Release|Any CPU
		{3F629A77-FE89-4D61-B33F-9528585032DC}.Release|iPhone.ActiveCfg = Release|Any CPU
		{3F629A77-FE89-4D61-B33F-9528585032DC}.Release|iPhone.Build.0 = Release|Any CPU
		{3F629A77-FE89-4D61-B33F-9528585032DC}.Release|iPhoneSimulator.ActiveCfg = Release|Any CPU
		{3F629A77-FE89-4D61-B33F-9528585032DC}.Release|iPhoneSimulator.Build.0 = Release|Any CPU
		{CDDAB32E-D75E-4EA8-B65D-9F5E22F7441A}.Debug|Any CPU.ActiveCfg = Debug|iPhoneSimulator
		{CDDAB32E-D75E-4EA8-B65D-9F5E22F7441A}.Debug|Any CPU.Build.0 = Debug|iPhoneSimulator
		{CDDAB32E-D75E-4EA8-B65D-9F5E22F7441A}.Debug|iPhone.ActiveCfg = Debug|iPhone
		{CDDAB32E-D75E-4EA8-B65D-9F5E22F7441A}.Debug|iPhone.Build.0 = Debug|iPhone
		{CDDAB32E-D75E-4EA8-B65D-9F5E22F7441A}.Debug|iPhoneSimulator.ActiveCfg = Debug|iPhoneSimulator
		{CDDAB32E-D75E-4EA8-B65D-9F5E22F7441A}.Debug|iPhoneSimulator.Build.0 = Debug|iPhoneSimulator
		{CDDAB32E-D75E-4EA8-B65D-9F5E22F7441A}.Release|Any CPU.ActiveCfg = Release|iPhone
		{CDDAB32E-D75E-4EA8-B65D-9F5E22F7441A}.Release|Any CPU.Build.0 = Release|iPhone
		{CDDAB32E-D75E-4EA8-B65D-9F5E22F7441A}.Release|iPhone.ActiveCfg = Release|iPhone
		{CDDAB32E-D75E-4EA8-B65D-9F5E22F7441A}.Release|iPhone.Build.0 = Release|iPhone
		{CDDAB32E-D75E-4EA8-B65D-9F5E22F7441A}.Release|iPhoneSimulator.ActiveCfg = Release|iPhoneSimulator
		{CDDAB32E-D75E-4EA8-B65D-9F5E22F7441A}.Release|iPhoneSimulator.Build.0 = Release|iPhoneSimulator
	EndGlobalSection
EndGlobal
