
Microsoft Visual Studio Solution File, Format Version 12.00
# Visual Studio 2012
Project("{FAE04EC0-301F-11D3-BF4B-00C04F79EFBC}") = "asfucked", "asfucked\asfucked.csproj", "{3C2AC7D9-4E2C-4F99-885B-90802737768E}"
EndProject
Project("{FAE04EC0-301F-11D3-BF4B-00C04F79EFBC}") = "asfucked.iOS", "iOS\asfucked.iOS.csproj", "{CDDDBD01-69A3-4DC3-A177-251C69BEB9D2}"
EndProject
Project("{FAE04EC0-301F-11D3-BF4B-00C04F79EFBC}") = "asfucked.Droid", "Droid\asfucked.Droid.csproj", "{10AC9CE2-D5E5-4D82-8379-FF1CFD68E3DA}"
EndProject
Global
	GlobalSection(SolutionConfigurationPlatforms) = preSolution
		Debug|Any CPU = Debug|Any CPU
		Release|Any CPU = Release|Any CPU
		Debug|iPhoneSimulator = Debug|iPhoneSimulator
		Release|iPhone = Release|iPhone
		Release|iPhoneSimulator = Release|iPhoneSimulator
		Debug|iPhone = Debug|iPhone
	EndGlobalSection
	GlobalSection(ProjectConfigurationPlatforms) = postSolution
		{10AC9CE2-D5E5-4D82-8379-FF1CFD68E3DA}.Debug|Any CPU.ActiveCfg = Debug|Any CPU
		{10AC9CE2-D5E5-4D82-8379-FF1CFD68E3DA}.Debug|Any CPU.Build.0 = Debug|Any CPU
		{10AC9CE2-D5E5-4D82-8379-FF1CFD68E3DA}.Debug|iPhone.ActiveCfg = Debug|Any CPU
		{10AC9CE2-D5E5-4D82-8379-FF1CFD68E3DA}.Debug|iPhone.Build.0 = Debug|Any CPU
		{10AC9CE2-D5E5-4D82-8379-FF1CFD68E3DA}.Debug|iPhoneSimulator.ActiveCfg = Debug|Any CPU
		{10AC9CE2-D5E5-4D82-8379-FF1CFD68E3DA}.Debug|iPhoneSimulator.Build.0 = Debug|Any CPU
		{10AC9CE2-D5E5-4D82-8379-FF1CFD68E3DA}.Release|Any CPU.ActiveCfg = Release|Any CPU
		{10AC9CE2-D5E5-4D82-8379-FF1CFD68E3DA}.Release|Any CPU.Build.0 = Release|Any CPU
		{10AC9CE2-D5E5-4D82-8379-FF1CFD68E3DA}.Release|iPhone.ActiveCfg = Release|Any CPU
		{10AC9CE2-D5E5-4D82-8379-FF1CFD68E3DA}.Release|iPhone.Build.0 = Release|Any CPU
		{10AC9CE2-D5E5-4D82-8379-FF1CFD68E3DA}.Release|iPhoneSimulator.ActiveCfg = Release|Any CPU
		{10AC9CE2-D5E5-4D82-8379-FF1CFD68E3DA}.Release|iPhoneSimulator.Build.0 = Release|Any CPU
		{3C2AC7D9-4E2C-4F99-885B-90802737768E}.Debug|Any CPU.ActiveCfg = Debug|Any CPU
		{3C2AC7D9-4E2C-4F99-885B-90802737768E}.Debug|Any CPU.Build.0 = Debug|Any CPU
		{3C2AC7D9-4E2C-4F99-885B-90802737768E}.Debug|iPhone.ActiveCfg = Debug|Any CPU
		{3C2AC7D9-4E2C-4F99-885B-90802737768E}.Debug|iPhone.Build.0 = Debug|Any CPU
		{3C2AC7D9-4E2C-4F99-885B-90802737768E}.Debug|iPhoneSimulator.ActiveCfg = Debug|Any CPU
		{3C2AC7D9-4E2C-4F99-885B-90802737768E}.Debug|iPhoneSimulator.Build.0 = Debug|Any CPU
		{3C2AC7D9-4E2C-4F99-885B-90802737768E}.Release|Any CPU.ActiveCfg = Release|Any CPU
		{3C2AC7D9-4E2C-4F99-885B-90802737768E}.Release|Any CPU.Build.0 = Release|Any CPU
		{3C2AC7D9-4E2C-4F99-885B-90802737768E}.Release|iPhone.ActiveCfg = Release|Any CPU
		{3C2AC7D9-4E2C-4F99-885B-90802737768E}.Release|iPhone.Build.0 = Release|Any CPU
		{3C2AC7D9-4E2C-4F99-885B-90802737768E}.Release|iPhoneSimulator.ActiveCfg = Release|Any CPU
		{3C2AC7D9-4E2C-4F99-885B-90802737768E}.Release|iPhoneSimulator.Build.0 = Release|Any CPU
		{CDDDBD01-69A3-4DC3-A177-251C69BEB9D2}.Debug|Any CPU.ActiveCfg = Debug|iPhoneSimulator
		{CDDDBD01-69A3-4DC3-A177-251C69BEB9D2}.Debug|Any CPU.Build.0 = Debug|iPhoneSimulator
		{CDDDBD01-69A3-4DC3-A177-251C69BEB9D2}.Debug|iPhone.ActiveCfg = Debug|iPhone
		{CDDDBD01-69A3-4DC3-A177-251C69BEB9D2}.Debug|iPhone.Build.0 = Debug|iPhone
		{CDDDBD01-69A3-4DC3-A177-251C69BEB9D2}.Debug|iPhoneSimulator.ActiveCfg = Debug|iPhoneSimulator
		{CDDDBD01-69A3-4DC3-A177-251C69BEB9D2}.Debug|iPhoneSimulator.Build.0 = Debug|iPhoneSimulator
		{CDDDBD01-69A3-4DC3-A177-251C69BEB9D2}.Release|Any CPU.ActiveCfg = Release|iPhone
		{CDDDBD01-69A3-4DC3-A177-251C69BEB9D2}.Release|Any CPU.Build.0 = Release|iPhone
		{CDDDBD01-69A3-4DC3-A177-251C69BEB9D2}.Release|iPhone.ActiveCfg = Release|iPhone
		{CDDDBD01-69A3-4DC3-A177-251C69BEB9D2}.Release|iPhone.Build.0 = Release|iPhone
		{CDDDBD01-69A3-4DC3-A177-251C69BEB9D2}.Release|iPhoneSimulator.ActiveCfg = Release|iPhoneSimulator
		{CDDDBD01-69A3-4DC3-A177-251C69BEB9D2}.Release|iPhoneSimulator.Build.0 = Release|iPhoneSimulator
	EndGlobalSection
EndGlobal
